
Microsoft Visual Studio Solution File, Format Version 12.00
Project("{FAE04EC0-301F-11D3-BF4B-00C04F79EFBC}") = "CashRegisterApi", "CashRegisterApi\CashRegisterApi.csproj", "{2AB3F14A-CF43-4925-9AA6-00B860DC8A36}"
EndProject
Project("{FAE04EC0-301F-11D3-BF4B-00C04F79EFBC}") = "Domain", "Domain\Domain.csproj", "{801DC15E-9BAD-417C-B547-659AFF7EFEA5}"
EndProject
Project("{FAE04EC0-301F-11D3-BF4B-00C04F79EFBC}") = "Application", "Application\Application.csproj", "{43FF4C0F-7DBD-433D-B55B-8AEF084943AB}"
EndProject
Project("{FAE04EC0-301F-11D3-BF4B-00C04F79EFBC}") = "Infrastructure", "Infrastructure\Infrastructure.csproj", "{0F3BDAF4-BE8E-4986-A39E-80795FC7928B}"
EndProject
Project("{FAE04EC0-301F-11D3-BF4B-00C04F79EFBC}") = "Shared", "Shared\Shared.csproj", "{53581E46-DEA1-42CF-AE4F-9DA7A24219B7}"
EndProject
Project("{2150E333-8FDC-42A3-9474-1A3956D46DE8}") = "Solution Items", "Solution Items", "{66F98FE9-6AA9-4FD7-9339-022721BE114A}"
	ProjectSection(SolutionItems) = preProject
		compose.yaml = compose.yaml
	EndProjectSection
EndProject
Project("{FAE04EC0-301F-11D3-BF4B-00C04F79EFBC}") = "Tests", "Tests\Tests.csproj", "{D15DB713-69BF-4DF1-8837-12637BF698A7}"
EndProject
Global
	GlobalSection(SolutionConfigurationPlatforms) = preSolution
		Debug|Any CPU = Debug|Any CPU
		Debug|x64 = Debug|x64
		Debug|x86 = Debug|x86
		Release|Any CPU = Release|Any CPU
		Release|x64 = Release|x64
		Release|x86 = Release|x86
	EndGlobalSection
	GlobalSection(ProjectConfigurationPlatforms) = postSolution
		{2AB3F14A-CF43-4925-9AA6-00B860DC8A36}.Debug|Any CPU.ActiveCfg = Debug|Any CPU
		{2AB3F14A-CF43-4925-9AA6-00B860DC8A36}.Debug|Any CPU.Build.0 = Debug|Any CPU
		{2AB3F14A-CF43-4925-9AA6-00B860DC8A36}.Debug|x64.ActiveCfg = Debug|Any CPU
		{2AB3F14A-CF43-4925-9AA6-00B860DC8A36}.Debug|x64.Build.0 = Debug|Any CPU
		{2AB3F14A-CF43-4925-9AA6-00B860DC8A36}.Debug|x86.ActiveCfg = Debug|Any CPU
		{2AB3F14A-CF43-4925-9AA6-00B860DC8A36}.Debug|x86.Build.0 = Debug|Any CPU
		{2AB3F14A-CF43-4925-9AA6-00B860DC8A36}.Release|Any CPU.ActiveCfg = Release|Any CPU
		{2AB3F14A-CF43-4925-9AA6-00B860DC8A36}.Release|Any CPU.Build.0 = Release|Any CPU
		{2AB3F14A-CF43-4925-9AA6-00B860DC8A36}.Release|x64.ActiveCfg = Release|Any CPU
		{2AB3F14A-CF43-4925-9AA6-00B860DC8A36}.Release|x64.Build.0 = Release|Any CPU
		{2AB3F14A-CF43-4925-9AA6-00B860DC8A36}.Release|x86.ActiveCfg = Release|Any CPU
		{2AB3F14A-CF43-4925-9AA6-00B860DC8A36}.Release|x86.Build.0 = Release|Any CPU
		{801DC15E-9BAD-417C-B547-659AFF7EFEA5}.Debug|Any CPU.ActiveCfg = Debug|Any CPU
		{801DC15E-9BAD-417C-B547-659AFF7EFEA5}.Debug|Any CPU.Build.0 = Debug|Any CPU
		{801DC15E-9BAD-417C-B547-659AFF7EFEA5}.Debug|x64.ActiveCfg = Debug|Any CPU
		{801DC15E-9BAD-417C-B547-659AFF7EFEA5}.Debug|x64.Build.0 = Debug|Any CPU
		{801DC15E-9BAD-417C-B547-659AFF7EFEA5}.Debug|x86.ActiveCfg = Debug|Any CPU
		{801DC15E-9BAD-417C-B547-659AFF7EFEA5}.Debug|x86.Build.0 = Debug|Any CPU
		{801DC15E-9BAD-417C-B547-659AFF7EFEA5}.Release|Any CPU.ActiveCfg = Release|Any CPU
		{801DC15E-9BAD-417C-B547-659AFF7EFEA5}.Release|Any CPU.Build.0 = Release|Any CPU
		{801DC15E-9BAD-417C-B547-659AFF7EFEA5}.Release|x64.ActiveCfg = Release|Any CPU
		{801DC15E-9BAD-417C-B547-659AFF7EFEA5}.Release|x64.Build.0 = Release|Any CPU
		{801DC15E-9BAD-417C-B547-659AFF7EFEA5}.Release|x86.ActiveCfg = Release|Any CPU
		{801DC15E-9BAD-417C-B547-659AFF7EFEA5}.Release|x86.Build.0 = Release|Any CPU
		{43FF4C0F-7DBD-433D-B55B-8AEF084943AB}.Debug|Any CPU.ActiveCfg = Debug|Any CPU
		{43FF4C0F-7DBD-433D-B55B-8AEF084943AB}.Debug|Any CPU.Build.0 = Debug|Any CPU
		{43FF4C0F-7DBD-433D-B55B-8AEF084943AB}.Debug|x64.ActiveCfg = Debug|Any CPU
		{43FF4C0F-7DBD-433D-B55B-8AEF084943AB}.Debug|x64.Build.0 = Debug|Any CPU
		{43FF4C0F-7DBD-433D-B55B-8AEF084943AB}.Debug|x86.ActiveCfg = Debug|Any CPU
		{43FF4C0F-7DBD-433D-B55B-8AEF084943AB}.Debug|x86.Build.0 = Debug|Any CPU
		{43FF4C0F-7DBD-433D-B55B-8AEF084943AB}.Release|Any CPU.ActiveCfg = Release|Any CPU
		{43FF4C0F-7DBD-433D-B55B-8AEF084943AB}.Release|Any CPU.Build.0 = Release|Any CPU
		{43FF4C0F-7DBD-433D-B55B-8AEF084943AB}.Release|x64.ActiveCfg = Release|Any CPU
		{43FF4C0F-7DBD-433D-B55B-8AEF084943AB}.Release|x64.Build.0 = Release|Any CPU
		{43FF4C0F-7DBD-433D-B55B-8AEF084943AB}.Release|x86.ActiveCfg = Release|Any CPU
		{43FF4C0F-7DBD-433D-B55B-8AEF084943AB}.Release|x86.Build.0 = Release|Any CPU
		{0F3BDAF4-BE8E-4986-A39E-80795FC7928B}.Debug|Any CPU.ActiveCfg = Debug|Any CPU
		{0F3BDAF4-BE8E-4986-A39E-80795FC7928B}.Debug|Any CPU.Build.0 = Debug|Any CPU
		{0F3BDAF4-BE8E-4986-A39E-80795FC7928B}.Debug|x64.ActiveCfg = Debug|Any CPU
		{0F3BDAF4-BE8E-4986-A39E-80795FC7928B}.Debug|x64.Build.0 = Debug|Any CPU
		{0F3BDAF4-BE8E-4986-A39E-80795FC7928B}.Debug|x86.ActiveCfg = Debug|Any CPU
		{0F3BDAF4-BE8E-4986-A39E-80795FC7928B}.Debug|x86.Build.0 = Debug|Any CPU
		{0F3BDAF4-BE8E-4986-A39E-80795FC7928B}.Release|Any CPU.ActiveCfg = Release|Any CPU
		{0F3BDAF4-BE8E-4986-A39E-80795FC7928B}.Release|Any CPU.Build.0 = Release|Any CPU
		{0F3BDAF4-BE8E-4986-A39E-80795FC7928B}.Release|x64.ActiveCfg = Release|Any CPU
		{0F3BDAF4-BE8E-4986-A39E-80795FC7928B}.Release|x64.Build.0 = Release|Any CPU
		{0F3BDAF4-BE8E-4986-A39E-80795FC7928B}.Release|x86.ActiveCfg = Release|Any CPU
		{0F3BDAF4-BE8E-4986-A39E-80795FC7928B}.Release|x86.Build.0 = Release|Any CPU
		{53581E46-DEA1-42CF-AE4F-9DA7A24219B7}.Debug|Any CPU.ActiveCfg = Debug|Any CPU
		{53581E46-DEA1-42CF-AE4F-9DA7A24219B7}.Debug|Any CPU.Build.0 = Debug|Any CPU
		{53581E46-DEA1-42CF-AE4F-9DA7A24219B7}.Debug|x64.ActiveCfg = Debug|Any CPU
		{53581E46-DEA1-42CF-AE4F-9DA7A24219B7}.Debug|x64.Build.0 = Debug|Any CPU
		{53581E46-DEA1-42CF-AE4F-9DA7A24219B7}.Debug|x86.ActiveCfg = Debug|Any CPU
		{53581E46-DEA1-42CF-AE4F-9DA7A24219B7}.Debug|x86.Build.0 = Debug|Any CPU
		{53581E46-DEA1-42CF-AE4F-9DA7A24219B7}.Release|Any CPU.ActiveCfg = Release|Any CPU
		{53581E46-DEA1-42CF-AE4F-9DA7A24219B7}.Release|Any CPU.Build.0 = Release|Any CPU
		{53581E46-DEA1-42CF-AE4F-9DA7A24219B7}.Release|x64.ActiveCfg = Release|Any CPU
		{53581E46-DEA1-42CF-AE4F-9DA7A24219B7}.Release|x64.Build.0 = Release|Any CPU
		{53581E46-DEA1-42CF-AE4F-9DA7A24219B7}.Release|x86.ActiveCfg = Release|Any CPU
		{53581E46-DEA1-42CF-AE4F-9DA7A24219B7}.Release|x86.Build.0 = Release|Any CPU
		{D15DB713-69BF-4DF1-8837-12637BF698A7}.Debug|Any CPU.ActiveCfg = Debug|Any CPU
		{D15DB713-69BF-4DF1-8837-12637BF698A7}.Debug|Any CPU.Build.0 = Debug|Any CPU
		{D15DB713-69BF-4DF1-8837-12637BF698A7}.Debug|x64.ActiveCfg = Debug|Any CPU
		{D15DB713-69BF-4DF1-8837-12637BF698A7}.Debug|x64.Build.0 = Debug|Any CPU
		{D15DB713-69BF-4DF1-8837-12637BF698A7}.Debug|x86.ActiveCfg = Debug|Any CPU
		{D15DB713-69BF-4DF1-8837-12637BF698A7}.Debug|x86.Build.0 = Debug|Any CPU
		{D15DB713-69BF-4DF1-8837-12637BF698A7}.Release|Any CPU.ActiveCfg = Release|Any CPU
		{D15DB713-69BF-4DF1-8837-12637BF698A7}.Release|Any CPU.Build.0 = Release|Any CPU
		{D15DB713-69BF-4DF1-8837-12637BF698A7}.Release|x64.ActiveCfg = Release|Any CPU
		{D15DB713-69BF-4DF1-8837-12637BF698A7}.Release|x64.Build.0 = Release|Any CPU
		{D15DB713-69BF-4DF1-8837-12637BF698A7}.Release|x86.ActiveCfg = Release|Any CPU
		{D15DB713-69BF-4DF1-8837-12637BF698A7}.Release|x86.Build.0 = Release|Any CPU
	EndGlobalSection
	GlobalSection(SolutionProperties) = preSolution
		HideSolutionNode = FALSE
	EndGlobalSection
EndGlobal
